
Microsoft Visual Studio Solution File, Format Version 12.00
# Visual Studio Version 17
Project("{8BC9CEB8-8B4A-11D0-8D11-00A0C91BC942}") = "ALL_BUILD", "ALL_BUILD.vcxproj", "{3C190967-DC13-3676-9EEB-DBE522B4DCE5}"
	ProjectSection(ProjectDependencies) = postProject
		{BCD19514-AD1E-311A-AD1D-8DA7D36F4795} = {BCD19514-AD1E-311A-AD1D-8DA7D36F4795}
		{161692B8-8BEA-352F-BD69-EB2B6A46E857} = {161692B8-8BEA-352F-BD69-EB2B6A46E857}
		{E5663479-1F9D-364D-8126-DD2095F48C4B} = {E5663479-1F9D-364D-8126-DD2095F48C4B}
		{1E67D8C9-93CB-366C-8BA8-9568AF624584} = {1E67D8C9-93CB-366C-8BA8-9568AF624584}
		{3287C43C-0F57-3FC8-8394-E67616600794} = {3287C43C-0F57-3FC8-8394-E67616600794}
		{3E4303A5-A238-3FED-AF9A-1F063D204822} = {3E4303A5-A238-3FED-AF9A-1F063D204822}
		{47F02961-E0D2-3067-92F0-61FCF54F8CCB} = {47F02961-E0D2-3067-92F0-61FCF54F8CCB}
		{9A338EAA-0FBA-3447-8053-02E3713D3CBD} = {9A338EAA-0FBA-3447-8053-02E3713D3CBD}
		{2D129161-C5F2-3E66-A731-CACED182016C} = {2D129161-C5F2-3E66-A731-CACED182016C}
		{C1C391D6-B0BE-3BA1-899A-64FFF72FD0A6} = {C1C391D6-B0BE-3BA1-899A-64FFF72FD0A6}
	EndProjectSection
EndProject
Project("{8BC9CEB8-8B4A-11D0-8D11-00A0C91BC942}") = "INSTALL", "INSTALL.vcxproj", "{AF27C672-80B2-3B6E-BD36-4A6AD2010DAB}"
	ProjectSection(ProjectDependencies) = postProject
		{3C190967-DC13-3676-9EEB-DBE522B4DCE5} = {3C190967-DC13-3676-9EEB-DBE522B4DCE5}
		{161692B8-8BEA-352F-BD69-EB2B6A46E857} = {161692B8-8BEA-352F-BD69-EB2B6A46E857}
	EndProjectSection
EndProject
Project("{8BC9CEB8-8B4A-11D0-8D11-00A0C91BC942}") = "LLMPipelineServer", "example\LLMPipelineServer.vcxproj", "{BCD19514-AD1E-311A-AD1D-8DA7D36F4795}"
	ProjectSection(ProjectDependencies) = postProject
		{161692B8-8BEA-352F-BD69-EB2B6A46E857} = {161692B8-8BEA-352F-BD69-EB2B6A46E857}
		{3287C43C-0F57-3FC8-8394-E67616600794} = {3287C43C-0F57-3FC8-8394-E67616600794}
		{3E4303A5-A238-3FED-AF9A-1F063D204822} = {3E4303A5-A238-3FED-AF9A-1F063D204822}
		{47F02961-E0D2-3067-92F0-61FCF54F8CCB} = {47F02961-E0D2-3067-92F0-61FCF54F8CCB}
		{9A338EAA-0FBA-3447-8053-02E3713D3CBD} = {9A338EAA-0FBA-3447-8053-02E3713D3CBD}
		{2D129161-C5F2-3E66-A731-CACED182016C} = {2D129161-C5F2-3E66-A731-CACED182016C}
	EndProjectSection
EndProject
Project("{8BC9CEB8-8B4A-11D0-8D11-00A0C91BC942}") = "ZERO_CHECK", "ZERO_CHECK.vcxproj", "{161692B8-8BEA-352F-BD69-EB2B6A46E857}"
	ProjectSection(ProjectDependencies) = postProject
	EndProjectSection
EndProject
Project("{8BC9CEB8-8B4A-11D0-8D11-00A0C91BC942}") = "build_info", "common\build_info.vcxproj", "{E5663479-1F9D-364D-8126-DD2095F48C4B}"
	ProjectSection(ProjectDependencies) = postProject
		{161692B8-8BEA-352F-BD69-EB2B6A46E857} = {161692B8-8BEA-352F-BD69-EB2B6A46E857}
	EndProjectSection
EndProject
Project("{8BC9CEB8-8B4A-11D0-8D11-00A0C91BC942}") = "common", "common\common.vcxproj", "{1E67D8C9-93CB-366C-8BA8-9568AF624584}"
	ProjectSection(ProjectDependencies) = postProject
		{161692B8-8BEA-352F-BD69-EB2B6A46E857} = {161692B8-8BEA-352F-BD69-EB2B6A46E857}
		{E5663479-1F9D-364D-8126-DD2095F48C4B} = {E5663479-1F9D-364D-8126-DD2095F48C4B}
		{3287C43C-0F57-3FC8-8394-E67616600794} = {3287C43C-0F57-3FC8-8394-E67616600794}
		{3E4303A5-A238-3FED-AF9A-1F063D204822} = {3E4303A5-A238-3FED-AF9A-1F063D204822}
		{47F02961-E0D2-3067-92F0-61FCF54F8CCB} = {47F02961-E0D2-3067-92F0-61FCF54F8CCB}
		{9A338EAA-0FBA-3447-8053-02E3713D3CBD} = {9A338EAA-0FBA-3447-8053-02E3713D3CBD}
		{2D129161-C5F2-3E66-A731-CACED182016C} = {2D129161-C5F2-3E66-A731-CACED182016C}
	EndProjectSection
EndProject
Project("{8BC9CEB8-8B4A-11D0-8D11-00A0C91BC942}") = "ggml", "ggml\src\ggml.vcxproj", "{3287C43C-0F57-3FC8-8394-E67616600794}"
	ProjectSection(ProjectDependencies) = postProject
		{161692B8-8BEA-352F-BD69-EB2B6A46E857} = {161692B8-8BEA-352F-BD69-EB2B6A46E857}
		{3E4303A5-A238-3FED-AF9A-1F063D204822} = {3E4303A5-A238-3FED-AF9A-1F063D204822}
		{47F02961-E0D2-3067-92F0-61FCF54F8CCB} = {47F02961-E0D2-3067-92F0-61FCF54F8CCB}
		{9A338EAA-0FBA-3447-8053-02E3713D3CBD} = {9A338EAA-0FBA-3447-8053-02E3713D3CBD}
	EndProjectSection
EndProject
Project("{8BC9CEB8-8B4A-11D0-8D11-00A0C91BC942}") = "ggml-base", "ggml\src\ggml-base.vcxproj", "{3E4303A5-A238-3FED-AF9A-1F063D204822}"
	ProjectSection(ProjectDependencies) = postProject
		{161692B8-8BEA-352F-BD69-EB2B6A46E857} = {161692B8-8BEA-352F-BD69-EB2B6A46E857}
	EndProjectSection
EndProject
Project("{8BC9CEB8-8B4A-11D0-8D11-00A0C91BC942}") = "ggml-cpu", "ggml\src\ggml-cpu.vcxproj", "{47F02961-E0D2-3067-92F0-61FCF54F8CCB}"
	ProjectSection(ProjectDependencies) = postProject
		{161692B8-8BEA-352F-BD69-EB2B6A46E857} = {161692B8-8BEA-352F-BD69-EB2B6A46E857}
		{3E4303A5-A238-3FED-AF9A-1F063D204822} = {3E4303A5-A238-3FED-AF9A-1F063D204822}
	EndProjectSection
EndProject
Project("{8BC9CEB8-8B4A-11D0-8D11-00A0C91BC942}") = "ggml-vulkan", "ggml\src\ggml-vulkan\ggml-vulkan.vcxproj", "{9A338EAA-0FBA-3447-8053-02E3713D3CBD}"
	ProjectSection(ProjectDependencies) = postProject
		{161692B8-8BEA-352F-BD69-EB2B6A46E857} = {161692B8-8BEA-352F-BD69-EB2B6A46E857}
		{3E4303A5-A238-3FED-AF9A-1F063D204822} = {3E4303A5-A238-3FED-AF9A-1F063D204822}
		{C1C391D6-B0BE-3BA1-899A-64FFF72FD0A6} = {C1C391D6-B0BE-3BA1-899A-64FFF72FD0A6}
	EndProjectSection
EndProject
Project("{8BC9CEB8-8B4A-11D0-8D11-00A0C91BC942}") = "llama", "src\llama.vcxproj", "{2D129161-C5F2-3E66-A731-CACED182016C}"
	ProjectSection(ProjectDependencies) = postProject
		{161692B8-8BEA-352F-BD69-EB2B6A46E857} = {161692B8-8BEA-352F-BD69-EB2B6A46E857}
		{3287C43C-0F57-3FC8-8394-E67616600794} = {3287C43C-0F57-3FC8-8394-E67616600794}
		{3E4303A5-A238-3FED-AF9A-1F063D204822} = {3E4303A5-A238-3FED-AF9A-1F063D204822}
		{47F02961-E0D2-3067-92F0-61FCF54F8CCB} = {47F02961-E0D2-3067-92F0-61FCF54F8CCB}
		{9A338EAA-0FBA-3447-8053-02E3713D3CBD} = {9A338EAA-0FBA-3447-8053-02E3713D3CBD}
	EndProjectSection
EndProject
Project("{8BC9CEB8-8B4A-11D0-8D11-00A0C91BC942}") = "vulkan-shaders-gen", "ggml\src\ggml-vulkan\vulkan-shaders\vulkan-shaders-gen.vcxproj", "{C1C391D6-B0BE-3BA1-899A-64FFF72FD0A6}"
	ProjectSection(ProjectDependencies) = postProject
		{161692B8-8BEA-352F-BD69-EB2B6A46E857} = {161692B8-8BEA-352F-BD69-EB2B6A46E857}
	EndProjectSection
EndProject
Global
	GlobalSection(SolutionConfigurationPlatforms) = preSolution
		Debug|x64 = Debug|x64
		Release|x64 = Release|x64
		MinSizeRel|x64 = MinSizeRel|x64
		RelWithDebInfo|x64 = RelWithDebInfo|x64
	EndGlobalSection
	GlobalSection(ProjectConfigurationPlatforms) = postSolution
		{3C190967-DC13-3676-9EEB-DBE522B4DCE5}.Debug|x64.ActiveCfg = Debug|x64
		{3C190967-DC13-3676-9EEB-DBE522B4DCE5}.Debug|x64.Build.0 = Debug|x64
		{3C190967-DC13-3676-9EEB-DBE522B4DCE5}.Release|x64.ActiveCfg = Release|x64
		{3C190967-DC13-3676-9EEB-DBE522B4DCE5}.Release|x64.Build.0 = Release|x64
		{3C190967-DC13-3676-9EEB-DBE522B4DCE5}.MinSizeRel|x64.ActiveCfg = MinSizeRel|x64
		{3C190967-DC13-3676-9EEB-DBE522B4DCE5}.MinSizeRel|x64.Build.0 = MinSizeRel|x64
		{3C190967-DC13-3676-9EEB-DBE522B4DCE5}.RelWithDebInfo|x64.ActiveCfg = RelWithDebInfo|x64
		{3C190967-DC13-3676-9EEB-DBE522B4DCE5}.RelWithDebInfo|x64.Build.0 = RelWithDebInfo|x64
		{AF27C672-80B2-3B6E-BD36-4A6AD2010DAB}.Debug|x64.ActiveCfg = Debug|x64
		{AF27C672-80B2-3B6E-BD36-4A6AD2010DAB}.Release|x64.ActiveCfg = Release|x64
		{AF27C672-80B2-3B6E-BD36-4A6AD2010DAB}.MinSizeRel|x64.ActiveCfg = MinSizeRel|x64
		{AF27C672-80B2-3B6E-BD36-4A6AD2010DAB}.RelWithDebInfo|x64.ActiveCfg = RelWithDebInfo|x64
		{BCD19514-AD1E-311A-AD1D-8DA7D36F4795}.Debug|x64.ActiveCfg = Debug|x64
		{BCD19514-AD1E-311A-AD1D-8DA7D36F4795}.Debug|x64.Build.0 = Debug|x64
		{BCD19514-AD1E-311A-AD1D-8DA7D36F4795}.Release|x64.ActiveCfg = Release|x64
		{BCD19514-AD1E-311A-AD1D-8DA7D36F4795}.Release|x64.Build.0 = Release|x64
		{BCD19514-AD1E-311A-AD1D-8DA7D36F4795}.MinSizeRel|x64.ActiveCfg = MinSizeRel|x64
		{BCD19514-AD1E-311A-AD1D-8DA7D36F4795}.MinSizeRel|x64.Build.0 = MinSizeRel|x64
		{BCD19514-AD1E-311A-AD1D-8DA7D36F4795}.RelWithDebInfo|x64.ActiveCfg = RelWithDebInfo|x64
		{BCD19514-AD1E-311A-AD1D-8DA7D36F4795}.RelWithDebInfo|x64.Build.0 = RelWithDebInfo|x64
		{161692B8-8BEA-352F-BD69-EB2B6A46E857}.Debug|x64.ActiveCfg = Debug|x64
		{161692B8-8BEA-352F-BD69-EB2B6A46E857}.Debug|x64.Build.0 = Debug|x64
		{161692B8-8BEA-352F-BD69-EB2B6A46E857}.Release|x64.ActiveCfg = Release|x64
		{161692B8-8BEA-352F-BD69-EB2B6A46E857}.Release|x64.Build.0 = Release|x64
		{161692B8-8BEA-352F-BD69-EB2B6A46E857}.MinSizeRel|x64.ActiveCfg = MinSizeRel|x64
		{161692B8-8BEA-352F-BD69-EB2B6A46E857}.MinSizeRel|x64.Build.0 = MinSizeRel|x64
		{161692B8-8BEA-352F-BD69-EB2B6A46E857}.RelWithDebInfo|x64.ActiveCfg = RelWithDebInfo|x64
		{161692B8-8BEA-352F-BD69-EB2B6A46E857}.RelWithDebInfo|x64.Build.0 = RelWithDebInfo|x64
		{E5663479-1F9D-364D-8126-DD2095F48C4B}.Debug|x64.ActiveCfg = Debug|x64
		{E5663479-1F9D-364D-8126-DD2095F48C4B}.Debug|x64.Build.0 = Debug|x64
		{E5663479-1F9D-364D-8126-DD2095F48C4B}.Release|x64.ActiveCfg = Release|x64
		{E5663479-1F9D-364D-8126-DD2095F48C4B}.Release|x64.Build.0 = Release|x64
		{E5663479-1F9D-364D-8126-DD2095F48C4B}.MinSizeRel|x64.ActiveCfg = MinSizeRel|x64
		{E5663479-1F9D-364D-8126-DD2095F48C4B}.MinSizeRel|x64.Build.0 = MinSizeRel|x64
		{E5663479-1F9D-364D-8126-DD2095F48C4B}.RelWithDebInfo|x64.ActiveCfg = RelWithDebInfo|x64
		{E5663479-1F9D-364D-8126-DD2095F48C4B}.RelWithDebInfo|x64.Build.0 = RelWithDebInfo|x64
		{1E67D8C9-93CB-366C-8BA8-9568AF624584}.Debug|x64.ActiveCfg = Debug|x64
		{1E67D8C9-93CB-366C-8BA8-9568AF624584}.Debug|x64.Build.0 = Debug|x64
		{1E67D8C9-93CB-366C-8BA8-9568AF624584}.Release|x64.ActiveCfg = Release|x64
		{1E67D8C9-93CB-366C-8BA8-9568AF624584}.Release|x64.Build.0 = Release|x64
		{1E67D8C9-93CB-366C-8BA8-9568AF624584}.MinSizeRel|x64.ActiveCfg = MinSizeRel|x64
		{1E67D8C9-93CB-366C-8BA8-9568AF624584}.MinSizeRel|x64.Build.0 = MinSizeRel|x64
		{1E67D8C9-93CB-366C-8BA8-9568AF624584}.RelWithDebInfo|x64.ActiveCfg = RelWithDebInfo|x64
		{1E67D8C9-93CB-366C-8BA8-9568AF624584}.RelWithDebInfo|x64.Build.0 = RelWithDebInfo|x64
		{3287C43C-0F57-3FC8-8394-E67616600794}.Debug|x64.ActiveCfg = Debug|x64
		{3287C43C-0F57-3FC8-8394-E67616600794}.Debug|x64.Build.0 = Debug|x64
		{3287C43C-0F57-3FC8-8394-E67616600794}.Release|x64.ActiveCfg = Release|x64
		{3287C43C-0F57-3FC8-8394-E67616600794}.Release|x64.Build.0 = Release|x64
		{3287C43C-0F57-3FC8-8394-E67616600794}.MinSizeRel|x64.ActiveCfg = MinSizeRel|x64
		{3287C43C-0F57-3FC8-8394-E67616600794}.MinSizeRel|x64.Build.0 = MinSizeRel|x64
		{3287C43C-0F57-3FC8-8394-E67616600794}.RelWithDebInfo|x64.ActiveCfg = RelWithDebInfo|x64
		{3287C43C-0F57-3FC8-8394-E67616600794}.RelWithDebInfo|x64.Build.0 = RelWithDebInfo|x64
		{3E4303A5-A238-3FED-AF9A-1F063D204822}.Debug|x64.ActiveCfg = Debug|x64
		{3E4303A5-A238-3FED-AF9A-1F063D204822}.Debug|x64.Build.0 = Debug|x64
		{3E4303A5-A238-3FED-AF9A-1F063D204822}.Release|x64.ActiveCfg = Release|x64
		{3E4303A5-A238-3FED-AF9A-1F063D204822}.Release|x64.Build.0 = Release|x64
		{3E4303A5-A238-3FED-AF9A-1F063D204822}.MinSizeRel|x64.ActiveCfg = MinSizeRel|x64
		{3E4303A5-A238-3FED-AF9A-1F063D204822}.MinSizeRel|x64.Build.0 = MinSizeRel|x64
		{3E4303A5-A238-3FED-AF9A-1F063D204822}.RelWithDebInfo|x64.ActiveCfg = RelWithDebInfo|x64
		{3E4303A5-A238-3FED-AF9A-1F063D204822}.RelWithDebInfo|x64.Build.0 = RelWithDebInfo|x64
		{47F02961-E0D2-3067-92F0-61FCF54F8CCB}.Debug|x64.ActiveCfg = Debug|x64
		{47F02961-E0D2-3067-92F0-61FCF54F8CCB}.Debug|x64.Build.0 = Debug|x64
		{47F02961-E0D2-3067-92F0-61FCF54F8CCB}.Release|x64.ActiveCfg = Release|x64
		{47F02961-E0D2-3067-92F0-61FCF54F8CCB}.Release|x64.Build.0 = Release|x64
		{47F02961-E0D2-3067-92F0-61FCF54F8CCB}.MinSizeRel|x64.ActiveCfg = MinSizeRel|x64
		{47F02961-E0D2-3067-92F0-61FCF54F8CCB}.MinSizeRel|x64.Build.0 = MinSizeRel|x64
		{47F02961-E0D2-3067-92F0-61FCF54F8CCB}.RelWithDebInfo|x64.ActiveCfg = RelWithDebInfo|x64
		{47F02961-E0D2-3067-92F0-61FCF54F8CCB}.RelWithDebInfo|x64.Build.0 = RelWithDebInfo|x64
		{9A338EAA-0FBA-3447-8053-02E3713D3CBD}.Debug|x64.ActiveCfg = Debug|x64
		{9A338EAA-0FBA-3447-8053-02E3713D3CBD}.Debug|x64.Build.0 = Debug|x64
		{9A338EAA-0FBA-3447-8053-02E3713D3CBD}.Release|x64.ActiveCfg = Release|x64
		{9A338EAA-0FBA-3447-8053-02E3713D3CBD}.Release|x64.Build.0 = Release|x64
		{9A338EAA-0FBA-3447-8053-02E3713D3CBD}.MinSizeRel|x64.ActiveCfg = MinSizeRel|x64
		{9A338EAA-0FBA-3447-8053-02E3713D3CBD}.MinSizeRel|x64.Build.0 = MinSizeRel|x64
		{9A338EAA-0FBA-3447-8053-02E3713D3CBD}.RelWithDebInfo|x64.ActiveCfg = RelWithDebInfo|x64
		{9A338EAA-0FBA-3447-8053-02E3713D3CBD}.RelWithDebInfo|x64.Build.0 = RelWithDebInfo|x64
		{2D129161-C5F2-3E66-A731-CACED182016C}.Debug|x64.ActiveCfg = Debug|x64
		{2D129161-C5F2-3E66-A731-CACED182016C}.Debug|x64.Build.0 = Debug|x64
		{2D129161-C5F2-3E66-A731-CACED182016C}.Release|x64.ActiveCfg = Release|x64
		{2D129161-C5F2-3E66-A731-CACED182016C}.Release|x64.Build.0 = Release|x64
		{2D129161-C5F2-3E66-A731-CACED182016C}.MinSizeRel|x64.ActiveCfg = MinSizeRel|x64
		{2D129161-C5F2-3E66-A731-CACED182016C}.MinSizeRel|x64.Build.0 = MinSizeRel|x64
		{2D129161-C5F2-3E66-A731-CACED182016C}.RelWithDebInfo|x64.ActiveCfg = RelWithDebInfo|x64
		{2D129161-C5F2-3E66-A731-CACED182016C}.RelWithDebInfo|x64.Build.0 = RelWithDebInfo|x64
		{C1C391D6-B0BE-3BA1-899A-64FFF72FD0A6}.Debug|x64.ActiveCfg = Debug|x64
		{C1C391D6-B0BE-3BA1-899A-64FFF72FD0A6}.Debug|x64.Build.0 = Debug|x64
		{C1C391D6-B0BE-3BA1-899A-64FFF72FD0A6}.Release|x64.ActiveCfg = Release|x64
		{C1C391D6-B0BE-3BA1-899A-64FFF72FD0A6}.Release|x64.Build.0 = Release|x64
		{C1C391D6-B0BE-3BA1-899A-64FFF72FD0A6}.MinSizeRel|x64.ActiveCfg = MinSizeRel|x64
		{C1C391D6-B0BE-3BA1-899A-64FFF72FD0A6}.MinSizeRel|x64.Build.0 = MinSizeRel|x64
		{C1C391D6-B0BE-3BA1-899A-64FFF72FD0A6}.RelWithDebInfo|x64.ActiveCfg = RelWithDebInfo|x64
		{C1C391D6-B0BE-3BA1-899A-64FFF72FD0A6}.RelWithDebInfo|x64.Build.0 = RelWithDebInfo|x64
	EndGlobalSection
	GlobalSection(ExtensibilityGlobals) = postSolution
		SolutionGuid = {1EB4C480-E03C-3388-8271-26A9149C2007}
	EndGlobalSection
	GlobalSection(ExtensibilityAddIns) = postSolution
	EndGlobalSection
EndGlobal
